schema: '2.0'
stages:
  fetch:
    cmd: uv run python scripts/10_fetch_bird.py
    deps:
    - path: configs/datasets.yaml
      hash: md5
      md5: 0ecac68240a2586b740e3051bc152061
      size: 2549
    - path: data/minidev.zip
      hash: md5
      md5: 7beb6dab11e65f0fde563e644a1ea319
      size: 800943648
    - path: scripts/10_fetch_bird.py
      hash: md5
      md5: 260704a1c2c6f96278e97e50428721df
      size: 6394
    - path: src/data/bird.py
      hash: md5
      md5: 45e1b5dc7e07059e01bf1a1b9f695183
      size: 2382
    outs:
    - path: data/raw/bird_minidev
      hash: md5
      md5: de9ac463b8487b2d6c1b587646cc0ccc.dir
      size: 518739
      nfiles: 77
    - path: results/metrics/bird_sources.json
      hash: md5
      md5: 0f5588e14ad20d9bb61e533ad573afc1
      size: 2169
  database:
    cmd:
    - uv run python scripts/11_load_bird.py load
    - uv run python scripts/12_run_gold.py --layout public
    - uv run python scripts/11_load_bird.py split
    - uv run python scripts/12_run_gold.py --layout schemas
    deps:
    - path: configs/datasets.yaml
      hash: md5
      md5: 0ecac68240a2586b740e3051bc152061
      size: 2549
    - path: configs/gold_exclusions.yaml
      hash: md5
      md5: 633b7303c5a1109d03ae853839124eef
      size: 499
    - path: data/minidev.zip
      hash: md5
      md5: 7beb6dab11e65f0fde563e644a1ea319
      size: 800943648
    - path: data/raw/bird_minidev
      hash: md5
      md5: de9ac463b8487b2d6c1b587646cc0ccc.dir
      size: 518739
      nfiles: 77
    - path: docker/postgres/init/01_roles.sh
      hash: md5
      md5: 08a65a404d80603490edbffda891fa8a
      size: 2128
    - path: scripts/11_load_bird.py
      hash: md5
      md5: f744e0e65778a19b6ea9241bc328ec5c
      size: 8272
    - path: scripts/12_run_gold.py
      hash: md5
      md5: 8141eaf3dd6f20aa9ca55fea1f504324
      size: 10444
    - path: src/data/bird.py
      hash: md5
      md5: 45e1b5dc7e07059e01bf1a1b9f695183
      size: 2382
    - path: src/db/connection.py
      hash: md5
      md5: 499bb640b62d76a6a8f7ae285be2b93e
      size: 1392
    - path: src/db/values.py
      hash: md5
      md5: 89b4c48e9a002dd8fb24dcd84d56f716
      size: 3787
    outs:
    - path: data/gold
      hash: md5
      md5: b616b08c1cac7dad44768528a771bfc8.dir
      size: 1001709
      nfiles: 2
    - path: results/metrics/bird_load.json
      hash: md5
      md5: e4001759d5aeef9f376391ebbedc8d86
      size: 5177
    - path: results/metrics/gold_execution.json
      hash: md5
      md5: ca9a9015f9409e01f233e775dee4f4d6
      size: 243001
    - path: results/metrics/gold_execution_public.json
      hash: md5
      md5: 22ab000f104d643131803f37964a6d5b
      size: 242852
  snapshot:
    cmd: uv run python scripts/13_snapshot_schema.py
    deps:
    - path: results/metrics/bird_load.json
      hash: md5
      md5: e4001759d5aeef9f376391ebbedc8d86
      size: 5177
    - path: scripts/13_snapshot_schema.py
      hash: md5
      md5: 12c1f5ec375d4c8a0a7d81792dcf7005
      size: 1654
    - path: src/dictionary/snapshot.py
      hash: md5
      md5: dcd0ce18396ab6b29c4488c9a674ba42
      size: 3050
    outs:
    - path: dictionary/_snapshot
      hash: md5
      md5: a2c192d069096e8fe8c0b10683c66e52.dir
      size: 98885
      nfiles: 11
  dictionaries:
    cmd: uv run python scripts/14_convert_descriptions.py
    deps:
    - path: data/raw/bird_minidev
      hash: md5
      md5: de9ac463b8487b2d6c1b587646cc0ccc.dir
      size: 518739
      nfiles: 77
    - path: dictionary/_snapshot
      hash: md5
      md5: a2c192d069096e8fe8c0b10683c66e52.dir
      size: 98885
      nfiles: 11
    - path: scripts/14_convert_descriptions.py
      hash: md5
      md5: 8bd0bd7a2e14ba55e6be5abbb44937f7
      size: 5067
    - path: src/dictionary/model.py
      hash: md5
      md5: 565dc265f7588bb7652f2a1be02a29ff
      size: 6975
    outs:
    - path: dictionary/california_schools.yaml
      hash: md5
      md5: ffa2946c3b98b10a12e1970f2b7a86ae
      size: 27691
    - path: dictionary/card_games.yaml
      hash: md5
      md5: 947fa59737b936acb03214195217e85c
      size: 25682
    - path: dictionary/codebase_community.yaml
      hash: md5
      md5: e31335b6ef29ce24604598be687b82d9
      size: 12382
    - path: dictionary/debit_card_specializing.yaml
      hash: md5
      md5: 09871076a3979c29efc7d66ab3fe9fde
      size: 3527
    - path: dictionary/european_football_2.yaml
      hash: md5
      md5: ee2876230affc825dceaa8eb494faf82
      size: 32489
    - path: dictionary/formula_1.yaml
      hash: md5
      md5: 8599cc07f2465995bae5b9e63f180df0
      size: 17498
    - path: dictionary/student_club.yaml
      hash: md5
      md5: 65d4c83dd65e5413668cb5fc3de669e0
      size: 10695
    - path: dictionary/superhero.yaml
      hash: md5
      md5: f54c530e871514398f17724a46b3604a
      size: 8582
    - path: dictionary/thrombosis_prediction.yaml
      hash: md5
      md5: 77cc2d97548fb27e2f6ec9b869eab496
      size: 13547
    - path: dictionary/toxicology.yaml
      hash: md5
      md5: 5b9b714c3e2ed809323d593645036be0
      size: 3054
  data_stats:
    cmd: uv run python scripts/15_data_stats.py
    deps:
    - path: dictionary
      hash: md5
      md5: 445b94a8f0ac3f1ccc6ea485179f3009.dir
      size: 276944
      nfiles: 24
    - path: results/metrics/bird_load.json
      hash: md5
      md5: e4001759d5aeef9f376391ebbedc8d86
      size: 5177
    - path: results/metrics/bird_sources.json
      hash: md5
      md5: 0f5588e14ad20d9bb61e533ad573afc1
      size: 2169
    - path: results/metrics/gold_execution.json
      hash: md5
      md5: ca9a9015f9409e01f233e775dee4f4d6
      size: 243001
    - path: scripts/15_data_stats.py
      hash: md5
      md5: f2189a603dc8de2b9d527c6077e34661
      size: 6037
    - path: src/dictionary/model.py
      hash: md5
      md5: 565dc265f7588bb7652f2a1be02a29ff
      size: 6975
    outs:
    - path: results/metrics/data_stats.json
      hash: md5
      md5: 3357075ba3d75bf3699c3d1e8cbf7c5e
      size: 5261
  download:
    cmd: uv run python scripts/10_fetch_bird.py --download-only
    params:
      configs/datasets.yaml:
        bird_minidev.package:
          url: https://bird-bench.oss-cn-beijing.aliyuncs.com/minidev.zip
          path: data/minidev.zip
          size_bytes: 800943648
          sha256: 
            cc48ba16838204e4e214512030cb572eeb5f7bcdd999bae4b9b6ff12ec13b92f
          md5: 7beb6dab11e65f0fde563e644a1ea319
    outs:
    - path: data/minidev.zip
      hash: md5
      md5: 7beb6dab11e65f0fde563e644a1ea319
      size: 800943648
  harden:
    cmd: uv run python scripts/20_harden_db.py
    deps:
    - path: dictionary/_snapshot
      hash: md5
      md5: a2c192d069096e8fe8c0b10683c66e52.dir
      size: 98885
      nfiles: 11
    - path: results/metrics/bird_load.json
      hash: md5
      md5: e4001759d5aeef9f376391ebbedc8d86
      size: 5177
    - path: scripts/20_harden_db.py
      hash: md5
      md5: 0411d882d7b6284cb20fc2f71b855ebb
      size: 3168
    - path: src/db/connection.py
      hash: md5
      md5: 499bb640b62d76a6a8f7ae285be2b93e
      size: 1392
    - path: src/db/hardening.py
      hash: md5
      md5: b5a3c955be3fdfdea464fdb7085cf054
      size: 8524
    - path: src/db/hardening.sql
      hash: md5
      md5: c5240de0eb7e00a75d80c692a83276ae
      size: 3033
    - path: src/db/security_fixtures.sql
      hash: md5
      md5: 332a4bb57679bd29b62244ef0003c1e5
      size: 1878
    outs:
    - path: results/metrics/db_hardening.json
      hash: md5
      md5: a0759c5f1dbc7ef0e9c27ff8f523d12d
      size: 588
  security:
    cmd: uv run python scripts/21_security_suite.py --require-bird
    deps:
    - path: configs/security_attacks.yaml
      hash: md5
      md5: d436a1a46cd6e840f416e26bbf057b1a
      size: 14591
    - path: results/metrics/db_hardening.json
      hash: md5
      md5: a0759c5f1dbc7ef0e9c27ff8f523d12d
      size: 588
    - path: scripts/21_security_suite.py
      hash: md5
      md5: e3ae3505e1524dba4213e1c480ddf678
      size: 1779
    - path: src/db/execute.py
      hash: md5
      md5: 0c65f6770b40fd9009f582bce69ff155
      size: 9856
    - path: src/db/guard.py
      hash: md5
      md5: d1ac663da0810f236a13f1f98d0026c3
      size: 15204
    - path: src/db/hardening.py
      hash: md5
      md5: b5a3c955be3fdfdea464fdb7085cf054
      size: 8524
    - path: src/db/security_suite.py
      hash: md5
      md5: 319770339579aee35b0804b988bbc61b
      size: 13574
    - path: src/tools/sql.py
      hash: md5
      md5: be425cb4e91b450367c30ee9b5a8b9d1
      size: 4639
    outs:
    - path: results/metrics/security_suite.json
      hash: md5
      md5: ace7d78c3b1aa2f99d3a12b9388016af
      size: 72435
  tool_check:
    cmd: uv run python scripts/22_tool_check.py
    deps:
    - path: configs/datasets.yaml
      hash: md5
      md5: 0ecac68240a2586b740e3051bc152061
      size: 2549
    - path: configs/tools.yaml
      hash: md5
      md5: f1ea0d9e92ab712e422d4dc65b8b0cfd
      size: 761
    - path: data/raw/bird_minidev
      hash: md5
      md5: de9ac463b8487b2d6c1b587646cc0ccc.dir
      size: 518739
      nfiles: 77
    - path: dictionary
      hash: md5
      md5: 445b94a8f0ac3f1ccc6ea485179f3009.dir
      size: 276944
      nfiles: 24
    - path: results/metrics/db_hardening.json
      hash: md5
      md5: a0759c5f1dbc7ef0e9c27ff8f523d12d
      size: 588
    - path: results/metrics/gold_execution.json
      hash: md5
      md5: ca9a9015f9409e01f233e775dee4f4d6
      size: 243001
    - path: scripts/22_tool_check.py
      hash: md5
      md5: 1b1c4a4050e4d260dfc7ff905340a638
      size: 5691
    - path: src/db/execute.py
      hash: md5
      md5: 0c65f6770b40fd9009f582bce69ff155
      size: 9856
    - path: src/db/guard.py
      hash: md5
      md5: d1ac663da0810f236a13f1f98d0026c3
      size: 15204
    - path: src/db/hardening.py
      hash: md5
      md5: b5a3c955be3fdfdea464fdb7085cf054
      size: 8524
    - path: src/tools/chart.py
      hash: md5
      md5: bc8162edbd3432c3e37afa9e49ea1fe5
      size: 4993
    - path: src/tools/definitions.py
      hash: md5
      md5: 1b7a1eee9ad25bcde9f8ea52d68a120c
      size: 3349
    - path: src/tools/schema.py
      hash: md5
      md5: b2a428a5a1e72e98203fd23b6b55968c
      size: 2754
    - path: src/tools/schemas/vega-lite-v6.4.3.schema.json.gz
      hash: md5
      md5: e252f48393afa9f10b6e91f520d94ba3
      size: 180187
    - path: src/tools/sql.py
      hash: md5
      md5: be425cb4e91b450367c30ee9b5a8b9d1
      size: 4639
    - path: src/tools/toolbox.py
      hash: md5
      md5: d864c61493338149145259e67bcfc130
      size: 4148
    outs:
    - path: results/metrics/tool_check.json
      hash: md5
      md5: ee0cc80f373184957f0b3ec6c31dfc44
      size: 889
  bird_eval:
    cmd: uv run python scripts/30_fetch_bird_eval.py
    deps:
    - path: scripts/30_fetch_bird_eval.py
      hash: md5
      md5: 542afbe57d9a514f871be413d08a720f
      size: 1681
    params:
      configs/eval.yaml:
        official_evaluator.commit: f9d2750c9b53639820c9d47f6d7a5e5025c780ab
        official_evaluator.sha256:
          evaluation_ex.py: 
            da1bbcd4530be83692d7c650c814ea9704bb710d0c953eb75d02ccb38233cf89
          evaluation_f1.py: 
            ba2700ee09b0c34d7e203788544757e6e6d6c99c0425bb92b3daa3927eee29bf
          evaluation_utils.py: 
            f6943d249caac5aeaef9bce21d43dbf29dcef85a0c965a76df032a9542f308bf
        official_evaluator.url: 
          https://raw.githubusercontent.com/bird-bench/mini_dev/{commit}/evaluation/{file}
    outs:
    - path: data/raw/bird_eval
      hash: md5
      md5: 893c26061d3ab4b66d99e6635f0a35bd.dir
      size: 16922
      nfiles: 3
  ex_validation:
    cmd: uv run --group bird-eval python scripts/31_validate_ex.py
    deps:
    - path: configs/ex_edge_cases.yaml
      hash: md5
      md5: e153817ff601f287c516321b7476f36e
      size: 6631
    - path: data/raw/bird_eval
      hash: md5
      md5: 893c26061d3ab4b66d99e6635f0a35bd.dir
      size: 16922
      nfiles: 3
    - path: data/raw/bird_minidev
      hash: md5
      md5: de9ac463b8487b2d6c1b587646cc0ccc.dir
      size: 518739
      nfiles: 77
    - path: results/metrics/db_hardening.json
      hash: md5
      md5: a0759c5f1dbc7ef0e9c27ff8f523d12d
      size: 588
    - path: results/metrics/gold_execution.json
      hash: md5
      md5: ca9a9015f9409e01f233e775dee4f4d6
      size: 243001
    - path: scripts/31_validate_ex.py
      hash: md5
      md5: d7d61d6afb813c910d0401409abfe219
      size: 12678
    - path: src/db/execute.py
      hash: md5
      md5: 0c65f6770b40fd9009f582bce69ff155
      size: 9856
    - path: src/db/values.py
      hash: md5
      md5: 89b4c48e9a002dd8fb24dcd84d56f716
      size: 3787
    - path: src/eval/ex.py
      hash: md5
      md5: 9f0752f7c7b227976d897f5e154defd8
      size: 7036
    - path: src/eval/execution.py
      hash: md5
      md5: 461489876971b80fef9c99df3745760f
      size: 9189
    - path: src/eval/mutations.py
      hash: md5
      md5: ed05fee3995065879c5e87cf8b5b5911
      size: 7650
    - path: src/eval/official.py
      hash: md5
      md5: 56b93fc7f8f1e50fc5f1f0e0af72e855
      size: 3913
    params:
      configs/eval.yaml:
        execution_accuracy:
          timeout_s: 30
          fetch_rows: 5000
          soft_f1_max_distinct_rows: 200000
        official_evaluator:
          commit: f9d2750c9b53639820c9d47f6d7a5e5025c780ab
          url: 
            https://raw.githubusercontent.com/bird-bench/mini_dev/{commit}/evaluation/{file}
          dir: data/raw/bird_eval
          sha256:
            evaluation_ex.py: 
              da1bbcd4530be83692d7c650c814ea9704bb710d0c953eb75d02ccb38233cf89
            evaluation_f1.py: 
              ba2700ee09b0c34d7e203788544757e6e6d6c99c0425bb92b3daa3927eee29bf
            evaluation_utils.py: 
              f6943d249caac5aeaef9bce21d43dbf29dcef85a0c965a76df032a9542f308bf
          meta_time_out_s: 30.0
          mutants_per_query: 3
          mutant_seed: 20260927
    outs:
    - path: data/eval_validation
      hash: md5
      md5: eac8551c0e1fb4d9b1c3d67be8f415ab.dir
      size: 1201480
      nfiles: 2
    - path: results/metrics/ex_validation.json
      hash: md5
      md5: ded8d9e677b53597971fcbf8633a84f1
      size: 224817
  splits:
    cmd: uv run python scripts/32_splits.py
    deps:
    - path: data/raw/bird_minidev
      hash: md5
      md5: de9ac463b8487b2d6c1b587646cc0ccc.dir
      size: 518739
      nfiles: 77
    - path: scripts/32_splits.py
      hash: md5
      md5: fdfdb1c0cc57e250f57a546cd13d881d
      size: 1818
    - path: src/eval/splits.py
      hash: md5
      md5: 2db510152903cd9d95ca2fb1f78c029a
      size: 3261
    params:
      configs/eval.yaml:
        splits:
          seed: 20260927
          pilot: 30
          ablation: 150
    outs:
    - path: results/metrics/splits.json
      hash: md5
      md5: 8fb712fd3a959d31ac6aacc79f7b50c2
      size: 9712
  own_set_gold:
    cmd: uv run python scripts/33_own_set_gold.py
    deps:
    - path: own_set/questions.yaml
      hash: md5
      md5: 29495a4f896ae0ac76df919eff032ad3
      size: 27926
    - path: results/metrics/db_hardening.json
      hash: md5
      md5: a0759c5f1dbc7ef0e9c27ff8f523d12d
      size: 588
    - path: results/metrics/gold_execution.json
      hash: md5
      md5: ca9a9015f9409e01f233e775dee4f4d6
      size: 243001
    - path: scripts/33_own_set_gold.py
      hash: md5
      md5: 2f456a8565983a44310657b0fedb08dd
      size: 7630
    - path: src/db/execute.py
      hash: md5
      md5: 0c65f6770b40fd9009f582bce69ff155
      size: 9856
    - path: src/db/guard.py
      hash: md5
      md5: d1ac663da0810f236a13f1f98d0026c3
      size: 15204
    - path: src/eval/own_set.py
      hash: md5
      md5: 739d06d4de65b499085be9ff0fbd06ed
      size: 5104
    outs:
    - path: data/own_set
      hash: md5
      md5: 97585a72edcb284014544d18cb9273d9.dir
      size: 51131
      nfiles: 2
    - path: results/metrics/own_set_gold.json
      hash: md5
      md5: c67e9319082bb4a99d9ac269fbaf939c
      size: 20970
